
Microsoft Visual Studio Solution File, Format Version 12.00
# Visual Studio Version 16
VisualStudioVersion = 16.0.31129.286
MinimumVisualStudioVersion = 10.0.40219.1
Project("{9A19103F-16F7-4668-BE54-9A1E7A4F7556}") = "Csud.Crud", "Csud.Crud\Csud.Crud.csproj", "{AF533FD2-63EA-48D1-AAB7-C84D55EC4E19}"
EndProject
Project("{9A19103F-16F7-4668-BE54-9A1E7A4F7556}") = "Csud.Crud.DbTool", "Csud.Crud.DbTool\Csud.Crud.DbTool.csproj", "{2F6F0FD5-273C-40FF-9583-F23586894AB2}"
EndProject
Project("{9A19103F-16F7-4668-BE54-9A1E7A4F7556}") = "Csud.Crud.RestApi", "Csud.Crud.RestApi\Csud.Crud.RestApi.csproj", "{145F566A-C305-4788-8FED-D3B5FBD2CEAE}"
EndProject
Global
	GlobalSection(SolutionConfigurationPlatforms) = preSolution
		Debug|Any CPU = Debug|Any CPU
		Release|Any CPU = Release|Any CPU
	EndGlobalSection
	GlobalSection(ProjectConfigurationPlatforms) = postSolution
		{AF533FD2-63EA-48D1-AAB7-C84D55EC4E19}.Debug|Any CPU.ActiveCfg = Debug|Any CPU
		{AF533FD2-63EA-48D1-AAB7-C84D55EC4E19}.Debug|Any CPU.Build.0 = Debug|Any CPU
		{AF533FD2-63EA-48D1-AAB7-C84D55EC4E19}.Release|Any CPU.ActiveCfg = Release|Any CPU
		{AF533FD2-63EA-48D1-AAB7-C84D55EC4E19}.Release|Any CPU.Build.0 = Release|Any CPU
		{2F6F0FD5-273C-40FF-9583-F23586894AB2}.Debug|Any CPU.ActiveCfg = Debug|Any CPU
		{2F6F0FD5-273C-40FF-9583-F23586894AB2}.Debug|Any CPU.Build.0 = Debug|Any CPU
		{2F6F0FD5-273C-40FF-9583-F23586894AB2}.Release|Any CPU.ActiveCfg = Release|Any CPU
		{2F6F0FD5-273C-40FF-9583-F23586894AB2}.Release|Any CPU.Build.0 = Release|Any CPU
		{145F566A-C305-4788-8FED-D3B5FBD2CEAE}.Debug|Any CPU.ActiveCfg = Debug|Any CPU
		{145F566A-C305-4788-8FED-D3B5FBD2CEAE}.Debug|Any CPU.Build.0 = Debug|Any CPU
		{145F566A-C305-4788-8FED-D3B5FBD2CEAE}.Release|Any CPU.ActiveCfg = Release|Any CPU
		{145F566A-C305-4788-8FED-D3B5FBD2CEAE}.Release|Any CPU.Build.0 = Release|Any CPU
	EndGlobalSection
	GlobalSection(SolutionProperties) = preSolution
		HideSolutionNode = FALSE
	EndGlobalSection
	GlobalSection(ExtensibilityGlobals) = postSolution
		SolutionGuid = {0ADB2A30-AC3B-4C17-8144-AB0F543FA39A}
	EndGlobalSection
EndGlobal
