
Microsoft Visual Studio Solution File, Format Version 12.00
# Visual Studio Version 16
VisualStudioVersion = 16.0.31129.286
MinimumVisualStudioVersion = 10.0.40219.1
Project("{9A19103F-16F7-4668-BE54-9A1E7A4F7556}") = "Csud.Crud.Console", "Csud.Crud.Console\Csud.Crud.Console.csproj", "{F2AE2737-9CDA-4B2C-80C3-3ECA16280BE4}"
EndProject
Project("{9A19103F-16F7-4668-BE54-9A1E7A4F7556}") = "Csud.Crud", "Csud.Crud\Csud.Crud.csproj", "{AF533FD2-63EA-48D1-AAB7-C84D55EC4E19}"
EndProject
Project("{9A19103F-16F7-4668-BE54-9A1E7A4F7556}") = "MongoDB.Entities", "MongoDB.Entities\MongoDB.Entities.csproj", "{992EAE52-971F-4366-81A6-D8C06CEC7E76}"
EndProject
Project("{2150E333-8FDC-42A3-9474-1A3956D46DE8}") = "data", "data", "{0D9B9DC4-5B56-4FDF-B37B-13A1209A57B0}"
	ProjectSection(SolutionItems) = preProject
		data\scsm.csv = data\scsm.csv
	EndProjectSection
EndProject
Global
	GlobalSection(SolutionConfigurationPlatforms) = preSolution
		Debug|Any CPU = Debug|Any CPU
		Release|Any CPU = Release|Any CPU
	EndGlobalSection
	GlobalSection(ProjectConfigurationPlatforms) = postSolution
		{F2AE2737-9CDA-4B2C-80C3-3ECA16280BE4}.Debug|Any CPU.ActiveCfg = Debug|Any CPU
		{F2AE2737-9CDA-4B2C-80C3-3ECA16280BE4}.Debug|Any CPU.Build.0 = Debug|Any CPU
		{F2AE2737-9CDA-4B2C-80C3-3ECA16280BE4}.Release|Any CPU.ActiveCfg = Release|Any CPU
		{F2AE2737-9CDA-4B2C-80C3-3ECA16280BE4}.Release|Any CPU.Build.0 = Release|Any CPU
		{AF533FD2-63EA-48D1-AAB7-C84D55EC4E19}.Debug|Any CPU.ActiveCfg = Debug|Any CPU
		{AF533FD2-63EA-48D1-AAB7-C84D55EC4E19}.Debug|Any CPU.Build.0 = Debug|Any CPU
		{AF533FD2-63EA-48D1-AAB7-C84D55EC4E19}.Release|Any CPU.ActiveCfg = Release|Any CPU
		{AF533FD2-63EA-48D1-AAB7-C84D55EC4E19}.Release|Any CPU.Build.0 = Release|Any CPU
		{992EAE52-971F-4366-81A6-D8C06CEC7E76}.Debug|Any CPU.ActiveCfg = Debug|Any CPU
		{992EAE52-971F-4366-81A6-D8C06CEC7E76}.Debug|Any CPU.Build.0 = Debug|Any CPU
		{992EAE52-971F-4366-81A6-D8C06CEC7E76}.Release|Any CPU.ActiveCfg = Release|Any CPU
		{992EAE52-971F-4366-81A6-D8C06CEC7E76}.Release|Any CPU.Build.0 = Release|Any CPU
	EndGlobalSection
	GlobalSection(SolutionProperties) = preSolution
		HideSolutionNode = FALSE
	EndGlobalSection
	GlobalSection(ExtensibilityGlobals) = postSolution
		SolutionGuid = {0ADB2A30-AC3B-4C17-8144-AB0F543FA39A}
	EndGlobalSection
EndGlobal
